
Microsoft Visual Studio Solution File, Format Version 12.00
# Visual Studio Version 16
VisualStudioVersion = 16.0.33529.622
MinimumVisualStudioVersion = 10.0.40219.1
Project("{FAE04EC0-301F-11D3-BF4B-00C04F79EFBC}") = "TestToDo", "TestToDo\TestToDo.csproj", "{4FF20C63-B5FF-461F-888E-D783F5C70EED}"
EndProject
Global
	GlobalSection(SolutionConfigurationPlatforms) = preSolution
		Debug|Any CPU = Debug|Any CPU
		Release|Any CPU = Release|Any CPU
	EndGlobalSection
	GlobalSection(ProjectConfigurationPlatforms) = postSolution
		{4FF20C63-B5FF-461F-888E-D783F5C70EED}.Debug|Any CPU.ActiveCfg = Debug|Any CPU
		{4FF20C63-B5FF-461F-888E-D783F5C70EED}.Debug|Any CPU.Build.0 = Debug|Any CPU
		{4FF20C63-B5FF-461F-888E-D783F5C70EED}.Release|Any CPU.ActiveCfg = Release|Any CPU
		{4FF20C63-B5FF-461F-888E-D783F5C70EED}.Release|Any CPU.Build.0 = Release|Any CPU
	EndGlobalSection
	GlobalSection(SolutionProperties) = preSolution
		HideSolutionNode = FALSE
	EndGlobalSection
	GlobalSection(ExtensibilityGlobals) = postSolution
		SolutionGuid = {84EF1257-8437-4001-A4D7-46455BAF93DA}
	EndGlobalSection
EndGlobal
